// !$*UTF8*$!
{
	archiveVersion = 1;
	classes = {
	};
	objectVersion = 55;
	objects = {

/* Begin PBXBuildFile section */
		AC510B8C281C5B29005CAB2D /* PaymentButton.swift in Sources */ = {isa = PBXBuildFile; fileRef = AC510B8B281C5B29005CAB2D /* PaymentButton.swift */; };
		ACF246E9281B034800A25E13 /* A_storeApp.swift in Sources */ = {isa = PBXBuildFile; fileRef = ACF246E8281B034800A25E13 /* A_storeApp.swift */; };
		ACF246EB281B034800A25E13 /* ContentView.swift in Sources */ = {isa = PBXBuildFile; fileRef = ACF246EA281B034800A25E13 /* ContentView.swift */; };
		ACF246ED281B034B00A25E13 /* Assets.xcassets in Resources */ = {isa = PBXBuildFile; fileRef = ACF246EC281B034B00A25E13 /* Assets.xcassets */; };
		ACF246F0281B034B00A25E13 /* Preview Assets.xcassets in Resources */ = {isa = PBXBuildFile; fileRef = ACF246EF281B034B00A25E13 /* Preview Assets.xcassets */; };
		ACF246F8281B06C000A25E13 /* Product.swift in Sources */ = {isa = PBXBuildFile; fileRef = ACF246F7281B06C000A25E13 /* Product.swift */; };
		ACF246FB281B1A7D00A25E13 /* ProductCard.swift in Sources */ = {isa = PBXBuildFile; fileRef = ACF246FA281B1A7D00A25E13 /* ProductCard.swift */; };
		ACF246FD281B1C7500A25E13 /* CartButton.swift in Sources */ = {isa = PBXBuildFile; fileRef = ACF246FC281B1C7500A25E13 /* CartButton.swift */; };
		ACF24700281B1E7600A25E13 /* CartView.swift in Sources */ = {isa = PBXBuildFile; fileRef = ACF246FF281B1E7600A25E13 /* CartView.swift */; };
		ACF24702281B202B00A25E13 /* CartManager.swift in Sources */ = {isa = PBXBuildFile; fileRef = ACF24701281B202B00A25E13 /* CartManager.swift */; };
		ACF24704281B274800A25E13 /* ProductRow.swift in Sources */ = {isa = PBXBuildFile; fileRef = ACF24703281B274800A25E13 /* ProductRow.swift */; };
/* End PBXBuildFile section */

/* Begin PBXFileReference section */
		AC510B8B281C5B29005CAB2D /* PaymentButton.swift */ = {isa = PBXFileReference; lastKnownFileType = sourcecode.swift; path = PaymentButton.swift; sourceTree = "<group>"; };
		ACF246E5281B034700A25E13 /* A-store.app */ = {isa = PBXFileReference; explicitFileType = wrapper.application; includeInIndex = 0; path = "A-store.app"; sourceTree = BUILT_PRODUCTS_DIR; };
		ACF246E8281B034800A25E13 /* A_storeApp.swift */ = {isa = PBXFileReference; lastKnownFileType = sourcecode.swift; path = A_storeApp.swift; sourceTree = "<group>"; };
		ACF246EA281B034800A25E13 /* ContentView.swift */ = {isa = PBXFileReference; lastKnownFileType = sourcecode.swift; path = ContentView.swift; sourceTree = "<group>"; };
		ACF246EC281B034B00A25E13 /* Assets.xcassets */ = {isa = PBXFileReference; lastKnownFileType = folder.assetcatalog; path = Assets.xcassets; sourceTree = "<group>"; };
		ACF246EF281B034B00A25E13 /* Preview Assets.xcassets */ = {isa = PBXFileReference; lastKnownFileType = folder.assetcatalog; path = "Preview Assets.xcassets"; sourceTree = "<group>"; };
		ACF246F7281B06C000A25E13 /* Product.swift */ = {isa = PBXFileReference; lastKnownFileType = sourcecode.swift; path = Product.swift; sourceTree = "<group>"; };
		ACF246FA281B1A7D00A25E13 /* ProductCard.swift */ = {isa = PBXFileReference; lastKnownFileType = sourcecode.swift; path = ProductCard.swift; sourceTree = "<group>"; };
		ACF246FC281B1C7500A25E13 /* CartButton.swift */ = {isa = PBXFileReference; lastKnownFileType = sourcecode.swift; path = CartButton.swift; sourceTree = "<group>"; };
		ACF246FF281B1E7600A25E13 /* CartView.swift */ = {isa = PBXFileReference; lastKnownFileType = sourcecode.swift; path = CartView.swift; sourceTree = "<group>"; };
		ACF24701281B202B00A25E13 /* CartManager.swift */ = {isa = PBXFileReference; lastKnownFileType = sourcecode.swift; path = CartManager.swift; sourceTree = "<group>"; };
		ACF24703281B274800A25E13 /* ProductRow.swift */ = {isa = PBXFileReference; lastKnownFileType = sourcecode.swift; path = ProductRow.swift; sourceTree = "<group>"; };
/* End PBXFileReference section */

/* Begin PBXFrameworksBuildPhase section */
		ACF246E2281B034700A25E13 /* Frameworks */ = {
			isa = PBXFrameworksBuildPhase;
			buildActionMask = 2147483647;
			files = (
			);
			runOnlyForDeploymentPostprocessing = 0;
		};
/* End PBXFrameworksBuildPhase section */

/* Begin PBXGroup section */
		ACF246DC281B034700A25E13 = {
			isa = PBXGroup;
			children = (
				ACF246E7281B034800A25E13 /* A-store */,
				ACF246E6281B034700A25E13 /* Products */,
			);
			sourceTree = "<group>";
		};
		ACF246E6281B034700A25E13 /* Products */ = {
			isa = PBXGroup;
			children = (
				ACF246E5281B034700A25E13 /* A-store.app */,
			);
			name = Products;
			sourceTree = "<group>";
		};
		ACF246E7281B034800A25E13 /* A-store */ = {
			isa = PBXGroup;
			children = (
				ACF246E8281B034800A25E13 /* A_storeApp.swift */,
				ACF24701281B202B00A25E13 /* CartManager.swift */,
				ACF246F6281B067100A25E13 /* Models */,
				ACF246FE281B1E5700A25E13 /* Views */,
				ACF246F9281B1A5600A25E13 /* Components */,
				ACF246EC281B034B00A25E13 /* Assets.xcassets */,
				ACF246EE281B034B00A25E13 /* Preview Content */,
			);
			path = "A-store";
			sourceTree = "<group>";
		};
		ACF246EE281B034B00A25E13 /* Preview Content */ = {
			isa = PBXGroup;
			children = (
				ACF246EF281B034B00A25E13 /* Preview Assets.xcassets */,
			);
			path = "Preview Content";
			sourceTree = "<group>";
		};
		ACF246F6281B067100A25E13 /* Models */ = {
			isa = PBXGroup;
			children = (
				ACF246F7281B06C000A25E13 /* Product.swift */,
			);
			path = Models;
			sourceTree = "<group>";
		};
		ACF246F9281B1A5600A25E13 /* Components */ = {
			isa = PBXGroup;
			children = (
				ACF246FA281B1A7D00A25E13 /* ProductCard.swift */,
				ACF246FC281B1C7500A25E13 /* CartButton.swift */,
				ACF24703281B274800A25E13 /* ProductRow.swift */,
				AC510B8B281C5B29005CAB2D /* PaymentButton.swift */,
			);
			path = Components;
			sourceTree = "<group>";
		};
		ACF246FE281B1E5700A25E13 /* Views */ = {
			isa = PBXGroup;
			children = (
				ACF246EA281B034800A25E13 /* ContentView.swift */,
				ACF246FF281B1E7600A25E13 /* CartView.swift */,
			);
			path = Views;
			sourceTree = "<group>";
		};
/* End PBXGroup section */

/* Begin PBXNativeTarget section */
		ACF246E4281B034700A25E13 /* A-store */ = {
			isa = PBXNativeTarget;
			buildConfigurationList = ACF246F3281B034B00A25E13 /* Build configuration list for PBXNativeTarget "A-store" */;
			buildPhases = (
				ACF246E1281B034700A25E13 /* Sources */,
				ACF246E2281B034700A25E13 /* Frameworks */,
				ACF246E3281B034700A25E13 /* Resources */,
			);
			buildRules = (
			);
			dependencies = (
			);
			name = "A-store";
			productName = "A-store";
			productReference = ACF246E5281B034700A25E13 /* A-store.app */;
			productType = "com.apple.product-type.application";
		};
/* End PBXNativeTarget section */

/* Begin PBXProject section */
		ACF246DD281B034700A25E13 /* Project object */ = {
			isa = PBXProject;
			attributes = {
				BuildIndependentTargetsInParallel = 1;
				LastSwiftUpdateCheck = 1330;
				LastUpgradeCheck = 1330;
				TargetAttributes = {
					ACF246E4281B034700A25E13 = {
						CreatedOnToolsVersion = 13.3.1;
					};
				};
			};
			buildConfigurationList = ACF246E0281B034700A25E13 /* Build configuration list for PBXProject "A-store" */;
			compatibilityVersion = "Xcode 13.0";
			developmentRegion = en;
			hasScannedForEncodings = 0;
			knownRegions = (
				en,
				Base,
			);
			mainGroup = ACF246DC281B034700A25E13;
			productRefGroup = ACF246E6281B034700A25E13 /* Products */;
			projectDirPath = "";
			projectRoot = "";
			targets = (
				ACF246E4281B034700A25E13 /* A-store */,
			);
		};
/* End PBXProject section */

/* Begin PBXResourcesBuildPhase section */
		ACF246E3281B034700A25E13 /* Resources */ = {
			isa = PBXResourcesBuildPhase;
			buildActionMask = 2147483647;
			files = (
				ACF246F0281B034B00A25E13 /* Preview Assets.xcassets in Resources */,
				ACF246ED281B034B00A25E13 /* Assets.xcassets in Resources */,
			);
			runOnlyForDeploymentPostprocessing = 0;
		};
/* End PBXResourcesBuildPhase section */

/* Begin PBXSourcesBuildPhase section */
		ACF246E1281B034700A25E13 /* Sources */ = {
			isa = PBXSourcesBuildPhase;
			buildActionMask = 2147483647;
			files = (
				AC510B8C281C5B29005CAB2D /* PaymentButton.swift in Sources */,
				ACF24700281B1E7600A25E13 /* CartView.swift in Sources */,
				ACF246EB281B034800A25E13 /* ContentView.swift in Sources */,
				ACF24702281B202B00A25E13 /* CartManager.swift in Sources */,
				ACF246E9281B034800A25E13 /* A_storeApp.swift in Sources */,
				ACF24704281B274800A25E13 /* ProductRow.swift in Sources */,
				ACF246F8281B06C000A25E13 /* Product.swift in Sources */,
				ACF246FB281B1A7D00A25E13 /* ProductCard.swift in Sources */,
				ACF246FD281B1C7500A25E13 /* CartButton.swift in Sources */,
			);
			runOnlyForDeploymentPostprocessing = 0;
		};
/* End PBXSourcesBuildPhase section */

/* Begin XCBuildConfiguration section */
		ACF246F1281B034B00A25E13 /* Debug */ = {
			isa = XCBuildConfiguration;
			buildSettings = {
				ALWAYS_SEARCH_USER_PATHS = NO;
				CLANG_ANALYZER_NONNULL = YES;
				CLANG_ANALYZER_NUMBER_OBJECT_CONVERSION = YES_AGGRESSIVE;
				CLANG_CXX_LANGUAGE_STANDARD = "gnu++17";
				CLANG_ENABLE_MODULES = YES;
				CLANG_ENABLE_OBJC_ARC = YES;
				CLANG_ENABLE_OBJC_WEAK = YES;
				CLANG_WARN_BLOCK_CAPTURE_AUTORELEASING = YES;
				CLANG_WARN_BOOL_CONVERSION = YES;
				CLANG_WARN_COMMA = YES;
				CLANG_WARN_CONSTANT_CONVERSION = YES;
				CLANG_WARN_DEPRECATED_OBJC_IMPLEMENTATIONS = YES;
				CLANG_WARN_DIRECT_OBJC_ISA_USAGE = YES_ERROR;
				CLANG_WARN_DOCUMENTATION_COMMENTS = YES;
				CLANG_WARN_EMPTY_BODY = YES;
				CLANG_WARN_ENUM_CONVERSION = YES;
				CLANG_WARN_INFINITE_RECURSION = YES;
				CLANG_WARN_INT_CONVERSION = YES;
				CLANG_WARN_NON_LITERAL_NULL_CONVERSION = YES;
				CLANG_WARN_OBJC_IMPLICIT_RETAIN_SELF = YES;
				CLANG_WARN_OBJC_LITERAL_CONVERSION = YES;
				CLANG_WARN_OBJC_ROOT_CLASS = YES_ERROR;
				CLANG_WARN_QUOTED_INCLUDE_IN_FRAMEWORK_HEADER = YES;
				CLANG_WARN_RANGE_LOOP_ANALYSIS = YES;
				CLANG_WARN_STRICT_PROTOTYPES = YES;
				CLANG_WARN_SUSPICIOUS_MOVE = YES;
				CLANG_WARN_UNGUARDED_AVAILABILITY = YES_AGGRESSIVE;
				CLANG_WARN_UNREACHABLE_CODE = YES;
				CLANG_WARN__DUPLICATE_METHOD_MATCH = YES;
				COPY_PHASE_STRIP = NO;
				DEBUG_INFORMATION_FORMAT = dwarf;
				ENABLE_STRICT_OBJC_MSGSEND = YES;
				ENABLE_TESTABILITY = YES;
				GCC_C_LANGUAGE_STANDARD = gnu11;
				GCC_DYNAMIC_NO_PIC = NO;
				GCC_NO_COMMON_BLOCKS = YES;
				GCC_OPTIMIZATION_LEVEL = 0;
				GCC_PREPROCESSOR_DEFINITIONS = (
					"DEBUG=1",
					"$(inherited)",
				);
				GCC_WARN_64_TO_32_BIT_CONVERSION = YES;
				GCC_WARN_ABOUT_RETURN_TYPE = YES_ERROR;
				GCC_WARN_UNDECLARED_SELECTOR = YES;
				GCC_WARN_UNINITIALIZED_AUTOS = YES_AGGRESSIVE;
				GCC_WARN_UNUSED_FUNCTION = YES;
				GCC_WARN_UNUSED_VARIABLE = YES;
				IPHONEOS_DEPLOYMENT_TARGET = 15.4;
				MTL_ENABLE_DEBUG_INFO = INCLUDE_SOURCE;
				MTL_FAST_MATH = YES;
				ONLY_ACTIVE_ARCH = YES;
				SDKROOT = iphoneos;
				SWIFT_ACTIVE_COMPILATION_CONDITIONS = DEBUG;
				SWIFT_OPTIMIZATION_LEVEL = "-Onone";
			};
			name = Debug;
		};
		ACF246F2281B034B00A25E13 /* Release */ = {
			isa = XCBuildConfiguration;
			buildSettings = {
				ALWAYS_SEARCH_USER_PATHS = NO;
				CLANG_ANALYZER_NONNULL = YES;
				CLANG_ANALYZER_NUMBER_OBJECT_CONVERSION = YES_AGGRESSIVE;
				CLANG_CXX_LANGUAGE_STANDARD = "gnu++17";
				CLANG_ENABLE_MODULES = YES;
				CLANG_ENABLE_OBJC_ARC = YES;
				CLANG_ENABLE_OBJC_WEAK = YES;
				CLANG_WARN_BLOCK_CAPTURE_AUTORELEASING = YES;
				CLANG_WARN_BOOL_CONVERSION = YES;
				CLANG_WARN_COMMA = YES;
				CLANG_WARN_CONSTANT_CONVERSION = YES;
				CLANG_WARN_DEPRECATED_OBJC_IMPLEMENTATIONS = YES;
				CLANG_WARN_DIRECT_OBJC_ISA_USAGE = YES_ERROR;
				CLANG_WARN_DOCUMENTATION_COMMENTS = YES;
				CLANG_WARN_EMPTY_BODY = YES;
				CLANG_WARN_ENUM_CONVERSION = YES;
				CLANG_WARN_INFINITE_RECURSION = YES;
				CLANG_WARN_INT_CONVERSION = YES;
				CLANG_WARN_NON_LITERAL_NULL_CONVERSION = YES;
				CLANG_WARN_OBJC_IMPLICIT_RETAIN_SELF = YES;
				CLANG_WARN_OBJC_LITERAL_CONVERSION = YES;
				CLANG_WARN_OBJC_ROOT_CLASS = YES_ERROR;
				CLANG_WARN_QUOTED_INCLUDE_IN_FRAMEWORK_HEADER = YES;
				CLANG_WARN_RANGE_LOOP_ANALYSIS = YES;
				CLANG_WARN_STRICT_PROTOTYPES = YES;
				CLANG_WARN_SUSPICIOUS_MOVE = YES;
				CLANG_WARN_UNGUARDED_AVAILABILITY = YES_AGGRESSIVE;
				CLANG_WARN_UNREACHABLE_CODE = YES;
				CLANG_WARN__DUPLICATE_METHOD_MATCH = YES;
				COPY_PHASE_STRIP = NO;
				DEBUG_INFORMATION_FORMAT = "dwarf-with-dsym";
				ENABLE_NS_ASSERTIONS = NO;
				ENABLE_STRICT_OBJC_MSGSEND = YES;
				GCC_C_LANGUAGE_STANDARD = gnu11;
				GCC_NO_COMMON_BLOCKS = YES;
				GCC_WARN_64_TO_32_BIT_CONVERSION = YES;
				GCC_WARN_ABOUT_RETURN_TYPE = YES_ERROR;
				GCC_WARN_UNDECLARED_SELECTOR = YES;
				GCC_WARN_UNINITIALIZED_AUTOS = YES_AGGRESSIVE;
				GCC_WARN_UNUSED_FUNCTION = YES;
				GCC_WARN_UNUSED_VARIABLE = YES;
				IPHONEOS_DEPLOYMENT_TARGET = 15.4;
				MTL_ENABLE_DEBUG_INFO = NO;
				MTL_FAST_MATH = YES;
				SDKROOT = iphoneos;
				SWIFT_COMPILATION_MODE = wholemodule;
				SWIFT_OPTIMIZATION_LEVEL = "-O";
				VALIDATE_PRODUCT = YES;
			};
			name = Release;
		};
		ACF246F4281B034B00A25E13 /* Debug */ = {
			isa = XCBuildConfiguration;
			buildSettings = {
				ASSETCATALOG_COMPILER_APPICON_NAME = AppIcon;
				ASSETCATALOG_COMPILER_GLOBAL_ACCENT_COLOR_NAME = AccentColor;
				CODE_SIGN_STYLE = Automatic;
				CURRENT_PROJECT_VERSION = 1;
				DEVELOPMENT_ASSET_PATHS = "\"A-store/Preview Content\"";
				DEVELOPMENT_TEAM = 55Q4P24675;
				ENABLE_PREVIEWS = YES;
				GENERATE_INFOPLIST_FILE = YES;
				INFOPLIST_KEY_UIApplicationSceneManifest_Generation = YES;
				INFOPLIST_KEY_UIApplicationSupportsIndirectInputEvents = YES;
				INFOPLIST_KEY_UILaunchScreen_Generation = YES;
				INFOPLIST_KEY_UISupportedInterfaceOrientations_iPad = "UIInterfaceOrientationPortrait UIInterfaceOrientationPortraitUpsideDown UIInterfaceOrientationLandscapeLeft UIInterfaceOrientationLandscapeRight";
				INFOPLIST_KEY_UISupportedInterfaceOrientations_iPhone = "UIInterfaceOrientationPortrait UIInterfaceOrientationLandscapeLeft UIInterfaceOrientationLandscapeRight";
				LD_RUNPATH_SEARCH_PATHS = (
					"$(inherited)",
					"@executable_path/Frameworks",
				);
				MARKETING_VERSION = 1.0;
				PRODUCT_BUNDLE_IDENTIFIER = "com.tegone.A-store";
				PRODUCT_NAME = "$(TARGET_NAME)";
				SWIFT_EMIT_LOC_STRINGS = YES;
				SWIFT_VERSION = 5.0;
				TARGETED_DEVICE_FAMILY = "1,2";
			};
			name = Debug;
		};
		ACF246F5281B034B00A25E13 /* Release */ = {
			isa = XCBuildConfiguration;
			buildSettings = {
				ASSETCATALOG_COMPILER_APPICON_NAME = AppIcon;
				ASSETCATALOG_COMPILER_GLOBAL_ACCENT_COLOR_NAME = AccentColor;
				CODE_SIGN_STYLE = Automatic;
				CURRENT_PROJECT_VERSION = 1;
				DEVELOPMENT_ASSET_PATHS = "\"A-store/Preview Content\"";
				DEVELOPMENT_TEAM = 55Q4P24675;
				ENABLE_PREVIEWS = YES;
				GENERATE_INFOPLIST_FILE = YES;
				INFOPLIST_KEY_UIApplicationSceneManifest_Generation = YES;
				INFOPLIST_KEY_UIApplicationSupportsIndirectInputEvents = YES;
				INFOPLIST_KEY_UILaunchScreen_Generation = YES;
				INFOPLIST_KEY_UISupportedInterfaceOrientations_iPad = "UIInterfaceOrientationPortrait UIInterfaceOrientationPortraitUpsideDown UIInterfaceOrientationLandscapeLeft UIInterfaceOrientationLandscapeRight";
				INFOPLIST_KEY_UISupportedInterfaceOrientations_iPhone = "UIInterfaceOrientationPortrait UIInterfaceOrientationLandscapeLeft UIInterfaceOrientationLandscapeRight";
				LD_RUNPATH_SEARCH_PATHS = (
					"$(inherited)",
					"@executable_path/Frameworks",
				);
				MARKETING_VERSION = 1.0;
				PRODUCT_BUNDLE_IDENTIFIER = "com.tegone.A-store";
				PRODUCT_NAME = "$(TARGET_NAME)";
				SWIFT_EMIT_LOC_STRINGS = YES;
				SWIFT_VERSION = 5.0;
				TARGETED_DEVICE_FAMILY = "1,2";
			};
			name = Release;
		};
/* End XCBuildConfiguration section */

/* Begin XCConfigurationList section */
		ACF246E0281B034700A25E13 /* Build configuration list for PBXProject "A-store" */ = {
			isa = XCConfigurationList;
			buildConfigurations = (
				ACF246F1281B034B00A25E13 /* Debug */,
				ACF246F2281B034B00A25E13 /* Release */,
			);
			defaultConfigurationIsVisible = 0;
			defaultConfigurationName = Release;
		};
		ACF246F3281B034B00A25E13 /* Build configuration list for PBXNativeTarget "A-store" */ = {
			isa = XCConfigurationList;
			buildConfigurations = (
				ACF246F4281B034B00A25E13 /* Debug */,
				ACF246F5281B034B00A25E13 /* Release */,
			);
			defaultConfigurationIsVisible = 0;
			defaultConfigurationName = Release;
		};
/* End XCConfigurationList section */
	};
	rootObject = ACF246DD281B034700A25E13 /* Project object */;
}
